
Microsoft Visual Studio Solution File, Format Version 12.00
# Visual Studio Version 17
VisualStudioVersion = 17.8.34525.116
MinimumVisualStudioVersion = 10.0.40219.1
Project("{FAE04EC0-301F-11D3-BF4B-00C04F79EFBC}") = "WebApplication1", "WebApplication1\WebApplication1.csproj", "{37C1B1BD-0BBD-4809-AE57-7AC084D6106B}"
EndProject
Global
	GlobalSection(SolutionConfigurationPlatforms) = preSolution
		Debug|Any CPU = Debug|Any CPU
		Release|Any CPU = Release|Any CPU
	EndGlobalSection
	GlobalSection(ProjectConfigurationPlatforms) = postSolution
		{37C1B1BD-0BBD-4809-AE57-7AC084D6106B}.Debug|Any CPU.ActiveCfg = Debug|Any CPU
		{37C1B1BD-0BBD-4809-AE57-7AC084D6106B}.Debug|Any CPU.Build.0 = Debug|Any CPU
		{37C1B1BD-0BBD-4809-AE57-7AC084D6106B}.Release|Any CPU.ActiveCfg = Release|Any CPU
		{37C1B1BD-0BBD-4809-AE57-7AC084D6106B}.Release|Any CPU.Build.0 = Release|Any CPU
	EndGlobalSection
	GlobalSection(SolutionProperties) = preSolution
		HideSolutionNode = FALSE
	EndGlobalSection
	GlobalSection(ExtensibilityGlobals) = postSolution
		SolutionGuid = {24FC5DDD-F44B-452A-9878-DDDD7D5B021F}
	EndGlobalSection
EndGlobal
